# This file is autogenerated, do not edit; changes may be undone by the next 'dep ensure'.


[[projects]]
  branch = "master"
  name = "github.com/armon/consul-api"
  packages = ["."]
  revision = "dcfedd50ed5334f96adee43fc88518a4f095e15c"

[[projects]]
  name = "github.com/coreos/etcd"
  packages = ["client","pkg/pathutil","pkg/srv","pkg/types","version"]
  revision = "bb66589f8cf18960c7f3d56b1b83753caeed9c7a"
  version = "v3.2.7"

[[projects]]
  name = "github.com/coreos/go-semver"
  packages = ["semver"]
  revision = "8ab6407b697782a06568d4b7f1db25550ec2e4c6"
  version = "v0.2.0"

[[projects]]
  name = "github.com/cpuguy83/go-md2man"
  packages = ["md2man"]
  revision = "1d903dcb749992f3741d744c0f8376b4bd7eb3e1"
  version = "v1.0.7"

[[projects]]
  name = "github.com/davecgh/go-spew"
  packages = ["spew"]
  revision = "346938d642f2ec3594ed81d874461961cd0faa76"
  version = "v1.1.0"

[[projects]]
  name = "github.com/fsnotify/fsnotify"
  packages = ["."]
  revision = "629574ca2a5df945712d3079857300b5e4da0236"
  version = "v1.4.2"

[[projects]]
  branch = "master"
  name = "github.com/hashicorp/hcl"
  packages = [".","hcl/ast","hcl/parser","hcl/printer","hcl/scanner","hcl/strconv","hcl/token","json/parser","json/scanner","json/token","testhelper"]
  revision = "68e816d1c783414e79bc65b3994d9ab6b0a722ab"

[[projects]]
  name = "github.com/inconshreveable/mousetrap"
  packages = ["."]
  revision = "76626ae9c91c4f2a10f34cad8ce83ea42c93bb75"
  version = "v1.0"

[[projects]]
  branch = "master"
  name = "github.com/kr/fs"
  packages = ["."]
  revision = "2788f0dbd16903de03cb8186e5c7d97b69ad387b"

[[projects]]
  name = "github.com/magiconair/properties"
  packages = [".","assert"]
  revision = "be5ece7dd465ab0765a9682137865547526d1dfb"
  version = "v1.7.3"

[[projects]]
  name = "github.com/mattn/go-colorable"
  packages = ["."]
  revision = "167de6bfdfba052fa6b2d3664c8f5272e23c9072"
  version = "v0.0.9"

[[projects]]
  name = "github.com/mattn/go-isatty"
  packages = ["."]
  revision = "fc9e8d8ef48496124e79ae0df75490096eccf6fe"
  version = "v0.0.2"

[[projects]]
  branch = "master"
  name = "github.com/mgutz/ansi"
  packages = ["."]
  revision = "9520e82c474b0a04dd04f8a40959027271bab992"

[[projects]]
  branch = "master"
  name = "github.com/mitchellh/go-homedir"
  packages = ["."]
  revision = "b8bc1bf767474819792c23f32d8286a45736f1c6"

[[projects]]
  branch = "master"
  name = "github.com/mitchellh/mapstructure"
  packages = ["."]
  revision = "d0303fe809921458f417bcf828397a65db30a7e4"

[[projects]]
  name = "github.com/onsi/ginkgo"
  packages = [".","config","internal/codelocation","internal/containernode","internal/failer","internal/leafnodes","internal/remote","internal/spec","internal/spec_iterator","internal/specrunner","internal/suite","internal/testingtproxy","internal/writer","reporters","reporters/stenographer","reporters/stenographer/support/go-colorable","reporters/stenographer/support/go-isatty","types"]
  revision = "9eda700730cba42af70d53180f9dcce9266bc2bc"
  version = "v1.4.0"

[[projects]]
  name = "github.com/onsi/gomega"
  packages = [".","format","internal/assertion","internal/asyncassertion","internal/oraclematcher","internal/testingtsupport","matchers","matchers/support/goraph/bipartitegraph","matchers/support/goraph/edge","matchers/support/goraph/node","matchers/support/goraph/util","types"]
  revision = "c893efa28eb45626cdaa76c9f653b62488858837"
  version = "v1.2.0"

[[projects]]
  name = "github.com/patrickmn/go-cache"
  packages = ["."]
  revision = "1881a9bccb818787f68c52bfba648c6cf34c34fa"
  version = "v2.0.0"

[[projects]]
  name = "github.com/pelletier/go-buffruneio"
  packages = ["."]
  revision = "c37440a7cf42ac63b919c752ca73a85067e05992"
  version = "v0.2.0"

[[projects]]
  name = "github.com/pelletier/go-toml"
  packages = ["."]
  revision = "5ccdfb18c776b740aecaf085c4d9a2779199c279"
  version = "v1.0.0"

[[projects]]
  name = "github.com/pkg/errors"
  packages = ["."]
  revision = "645ef00459ed84a119197bfb8d8205042c6df63d"
  version = "v0.8.0"

[[projects]]
  name = "github.com/pkg/sftp"
  packages = ["."]
  revision = "98203f5a8333288eb3163b7c667d4260fe1333e9"
  version = "1.0.0"

[[projects]]
  name = "github.com/pmezard/go-difflib"
  packages = ["difflib"]
  revision = "792786c7400a136282c1664665ae0a8db921c6c2"
  version = "v1.0.0"

[[projects]]
  name = "github.com/russross/blackfriday"
  packages = ["."]
  revision = "4048872b16cc0fc2c5fd9eacf0ed2c2fedaa0c8c"
  version = "v1.5"

[[projects]]
  name = "github.com/sirupsen/logrus"
  packages = ["."]
  revision = "f006c2ac4710855cf0f916dd6b77acf6b048dc6e"
  version = "v1.0.3"

[[projects]]
  branch = "master"
  name = "github.com/spf13/afero"
  packages = [".","mem"]
  revision = "ee1bd8ee15a1306d1f9201acc41ef39cd9f99a1b"

[[projects]]
  name = "github.com/spf13/cast"
  packages = ["."]
  revision = "acbeb36b902d72a7a4c18e8f3241075e7ab763e4"
  version = "v1.1.0"

[[projects]]
  branch = "master"
  name = "github.com/spf13/cobra"
  packages = [".","cobra/cmd","doc"]
  revision = "b78744579491c1ceeaaa3b40205e56b0591b93a3"

[[projects]]
  branch = "master"
  name = "github.com/spf13/jwalterweatherman"
  packages = ["."]
  revision = "12bd96e66386c1960ab0f74ced1362f66f552f7b"

[[projects]]
  name = "github.com/spf13/pflag"
  packages = ["."]
  revision = "e57e3eeb33f795204c1ca35f56c44f83227c6e66"
  version = "v1.0.0"

[[projects]]
  name = "github.com/spf13/viper"
  packages = ["."]
  revision = "25b30aa063fc18e48662b86996252eabdcf2f0c7"
  version = "v1.0.0"

[[projects]]
  name = "github.com/stretchr/testify"
  packages = ["assert","require"]
  revision = "69483b4bd14f5845b5a1e55bca19e954e827f1d0"
  version = "v1.1.4"

[[projects]]
  branch = "master"
  name = "github.com/ugorji/go"
  packages = ["codec"]
  revision = "54210f4e076c57f351166f0ed60e67d3fca57a36"

[[projects]]
  name = "github.com/x-cray/logrus-prefixed-formatter"
  packages = ["."]
  revision = "bb2702d423886830dee131692131d35648c382e2"
  version = "v0.5.2"

[[projects]]
  branch = "master"
  name = "github.com/xordataexchange/crypt"
  packages = ["backend","backend/consul","backend/etcd","config","encoding/secconf"]
  revision = "b2862e3d0a775f18c7cfe02273500ae307b61218"

[[projects]]
  branch = "master"
  name = "golang.org/x/crypto"
  packages = ["acme","acme/autocert","blowfish","cast5","chacha20poly1305/internal/chacha20","cryptobyte","curve25519","ed25519","ed25519/internal/edwards25519","hkdf","md4","nacl/auth","nacl/box","nacl/secretbox","openpgp","openpgp/armor","openpgp/elgamal","openpgp/errors","openpgp/packet","openpgp/s2k","pbkdf2","pkcs12/internal/rc2","poly1305","ripemd160","salsa20/salsa","ssh","ssh/agent","ssh/terminal","ssh/testdata"]
  revision = "81e90905daefcd6fd217b62423c0908922eadb30"

[[projects]]
  branch = "master"
  name = "golang.org/x/net"
  packages = ["context","html","html/atom","html/charset"]
  revision = "8351a756f30f1297fe94bbf4b767ec589c6ea6d0"

[[projects]]
  branch = "master"
  name = "golang.org/x/sys"
  packages = ["plan9","unix","windows","windows/registry","windows/svc","windows/svc/debug","windows/svc/eventlog","windows/svc/mgr"]
  revision = "a5054c7c1385fd50d9394475365355a87a7873ec"

[[projects]]
  branch = "master"
  name = "golang.org/x/text"
  packages = ["cases","collate","collate/build","currency","encoding","encoding/charmap","encoding/htmlindex","encoding/ianaindex","encoding/internal","encoding/internal/enctest","encoding/internal/identifier","encoding/japanese","encoding/korean","encoding/simplifiedchinese","encoding/traditionalchinese","encoding/unicode","feature/plural","internal","internal/catmsg","internal/colltab","internal/export/idna","internal/format","internal/gen","internal/number","internal/stringset","internal/tag","internal/testtext","internal/triegen","internal/ucd","internal/utf8internal","language","language/display","message","message/catalog","number","runes","secure/bidirule","transform","unicode/bidi","unicode/cldr","unicode/norm","unicode/rangetable","unicode/runenames","width"]
  revision = "1cbadb444a806fd9430d14ad08967ed91da4fa0a"

[[projects]]
  branch = "master"
  name = "golang.org/x/tools"
  packages = ["go/ast/astutil","go/buildutil","go/loader"]
  revision = "e531a2a1c15f94033f6fa87666caeb19a688175f"

[[projects]]
  name = "gopkg.in/airbrake/gobrake.v2"
  packages = ["."]
  revision = "668876711219e8b0206e2994bf0a59d889c775aa"
  version = "v2.0.9"

[[projects]]
  branch = "v1"
  name = "gopkg.in/check.v1"
  packages = ["."]
  revision = "20d25e2804050c1cd24a7eea1e7a6447dd0e74ec"

[[projects]]
  name = "gopkg.in/gemnasium/logrus-airbrake-hook.v2"
  packages = ["."]
  revision = "e928b033a891c0175fb643d5aa0779e86325eb12"
  version = "v2.1.2"

[[projects]]
  branch = "v2"
  name = "gopkg.in/yaml.v2"
  packages = ["."]
  revision = "eb3733d160e74a9c7e442f435eb3bea458e1d19f"

[solve-meta]
  analyzer-name = "dep"
  analyzer-version = 1
  inputs-digest = "fd5382d51a3e1e8ca0c22e00ff74037460e4795be1022ad61b63f6b7b832f56f"
  solver-name = "gps-cdcl"
  solver-version = 1
